
Microsoft Visual Studio Solution File, Format Version 12.00
# Visual Studio Version 17
VisualStudioVersion = 17.9.34701.34
MinimumVisualStudioVersion = 10.0.40219.1
Project("{9A19103F-16F7-4668-BE54-9A1E7A4F7556}") = "MathCalculator", "MathCalculator.csproj", "{AB366481-482B-4DFD-B107-B5369AFF80D6}"
EndProject
Global
	GlobalSection(SolutionConfigurationPlatforms) = preSolution
		Debug|Any CPU = Debug|Any CPU
		Release|Any CPU = Release|Any CPU
	EndGlobalSection
	GlobalSection(ProjectConfigurationPlatforms) = postSolution
		{AB366481-482B-4DFD-B107-B5369AFF80D6}.Debug|Any CPU.ActiveCfg = Debug|Any CPU
		{AB366481-482B-4DFD-B107-B5369AFF80D6}.Debug|Any CPU.Build.0 = Debug|Any CPU
		{AB366481-482B-4DFD-B107-B5369AFF80D6}.Release|Any CPU.ActiveCfg = Release|Any CPU
		{AB366481-482B-4DFD-B107-B5369AFF80D6}.Release|Any CPU.Build.0 = Release|Any CPU
	EndGlobalSection
	GlobalSection(SolutionProperties) = preSolution
		HideSolutionNode = FALSE
	EndGlobalSection
	GlobalSection(ExtensibilityGlobals) = postSolution
		SolutionGuid = {70364100-D7A4-4D72-8AD2-5AD2D8070502}
	EndGlobalSection
EndGlobal
